<?xml version="1.0" encoding="utf-8"?>
<Project ToolsVersion="4.0" xmlns="http://schemas.microsoft.com/developer/msbuild/2003">
  <ItemGroup>
    <Filter Include="source">
      <UniqueIdentifier>{5061ec82-52ea-46bd-b390-c967cc2a9557}</UniqueIdentifier>
      <Extensions>cpp;c;cxx;def;odl;idl;hpj;bat;asm</Extensions>
    </Filter>
    <Filter Include="include">
      <UniqueIdentifier>{14b11e8c-428a-4b4d-a941-83e9ff36ad38}</UniqueIdentifier>
      <Extensions>h;hpp;hxx;hm;inl;inc</Extensions>
    </Filter>
    <Filter Include="resource">
      <UniqueIdentifier>{6883f01a-5338-4b38-90e2-b4eb5b85659e}</UniqueIdentifier>
      <Extensions>rc;ico;cur;bmp;dlg;rc2;rct;bin;rgs;jpg;jpeg;jpe;png;manifest</Extensions>
    </Filter>
  </ItemGroup>
  <ItemGroup>
    <None Include="res\MyTry5.ico">
      <Filter>resource</Filter>
    </None>
    <None Include="..\Resources\CloseSelected.png">
      <Filter>resource</Filter>
    </None>
    <None Include="..\Resources\CloseNormal.png">
      <Filter>resource</Filter>
    </None>
    <None Include="..\Resources\HelloWorld.png">
      <Filter>resource</Filter>
    </None>
    <None Include="C:\Users\WGC\Desktop\cocos2dx旧\MyTry4\Resources\grid.jpg">
      <Filter>resource</Filter>
    </None>
    <None Include="C:\Users\WGC\Desktop\cocos2dx旧\MyTry4\Resources\back.png">
      <Filter>resource</Filter>
    </None>
    <None Include="..\Resources\grid5.jpg">
      <Filter>resource</Filter>
    </None>
    <None Include="..\Resources\Projectile.png">
      <Filter>resource</Filter>
    </None>
    <None Include="C:\Users\WGC\Desktop\Up.png">
      <Filter>resource</Filter>
    </None>
    <None Include="C:\Users\WGC\Desktop\Right.png">
      <Filter>resource</Filter>
    </None>
    <None Include="C:\Users\WGC\Desktop\Left.png">
      <Filter>resource</Filter>
    </None>
    <None Include="C:\Users\WGC\Desktop\Down.png">
      <Filter>resource</Filter>
    </None>
    <None Include="E:\个人\聊天记录\577915246\FileRecv\Resources\p8.png">
      <Filter>resource</Filter>
    </None>
    <None Include="D:\git_file\Snake5\MyTry5\Resources\Background.png">
      <Filter>resource</Filter>
    </None>
    <None Include="C:\Users\WGC\Desktop\select.png">
      <Filter>resource</Filter>
    </None>
    <None Include="..\Resources\winbg.png">
      <Filter>resource</Filter>
    </None>
    <None Include="..\Resources\pause2.png">
      <Filter>resource</Filter>
    </None>
    <None Include="..\Resources\pause2Selected.png">
      <Filter>resource</Filter>
    </None>
    <None Include="..\Resources\play2.png">
      <Filter>resource</Filter>
    </None>
    <None Include="..\Resources\play2Selected.png">
      <Filter>resource</Filter>
    </None>
    <None Include="..\Resources\try.png">
      <Filter>resource</Filter>
    </None>
  </ItemGroup>
  <ItemGroup>
    <ResourceCompile Include="MyTry5.rc">
      <Filter>resource</Filter>
    </ResourceCompile>
  </ItemGroup>
  <ItemGroup>
    <ClInclude Include="resource.h">
      <Filter>include</Filter>
    </ClInclude>
    <ClInclude Include="main.h">
      <Filter>include</Filter>
    </ClInclude>
    <ClInclude Include="..\Classes\AppDelegate.h">
      <Filter>include</Filter>
    </ClInclude>
    <ClInclude Include="..\Classes\HelloWorldScene.h">
      <Filter>include</Filter>
    </ClInclude>
    <ClInclude Include="..\Classes\GameHelp.h">
      <Filter>include</Filter>
    </ClInclude>
    <ClInclude Include="Game.h">
      <Filter>include</Filter>
    </ClInclude>
    <ClInclude Include="SpeedSelect.h">
      <Filter>include</Filter>
    </ClInclude>
    <ClInclude Include="SnakeNode.h">
      <Filter>include</Filter>
    </ClInclude>
    <ClInclude Include="EarthSnake.h">
      <Filter>include</Filter>
    </ClInclude>
    <ClInclude Include="MarsSnake.h">
      <Filter>include</Filter>
    </ClInclude>
    <ClInclude Include="Snake.h">
      <Filter>include</Filter>
    </ClInclude>
    <ClInclude Include="LoseGame.h">
      <Filter>include</Filter>
    </ClInclude>
    <ClInclude Include="WinBattle.h">
      <Filter>include</Filter>
    </ClInclude>
  </ItemGroup>
  <ItemGroup>
    <ClCompile Include="main.cpp">
      <Filter>source</Filter>
    </ClCompile>
    <ClCompile Include="..\Classes\AppDelegate.cpp">
      <Filter>source</Filter>
    </ClCompile>
    <ClCompile Include="..\Classes\HelloWorldScene.cpp">
      <Filter>source</Filter>
    </ClCompile>
    <ClCompile Include="..\Classes\GameHelp.cpp">
      <Filter>source</Filter>
    </ClCompile>
    <ClCompile Include="Game.cpp">
      <Filter>source</Filter>
    </ClCompile>
    <ClCompile Include="SpeedSelect.cpp">
      <Filter>source</Filter>
    </ClCompile>
    <ClCompile Include="EarthSnake.cpp">
      <Filter>source</Filter>
    </ClCompile>
    <ClCompile Include="MarsSnake.cpp">
      <Filter>source</Filter>
    </ClCompile>
    <ClCompile Include="SnakeNode.cpp">
      <Filter>source</Filter>
    </ClCompile>
    <ClCompile Include="Snake.cpp">
      <Filter>source</Filter>
    </ClCompile>
    <ClCompile Include="LoseGame.cpp">
      <Filter>source</Filter>
    </ClCompile>
    <ClCompile Include="WinBattle.cpp">
      <Filter>source</Filter>
    </ClCompile>
  </ItemGroup>
</Project>